
Microsoft Visual Studio Solution File, Format Version 12.00
# Visual Studio Version 17
VisualStudioVersion = 17.11.35312.102
MinimumVisualStudioVersion = 10.0.40219.1
Project("{FAE04EC0-301F-11D3-BF4B-00C04F79EFBC}") = "CustomerManage", "CustomerManage\CustomerManage.csproj", "{227BAF7A-690B-4AB0-8981-60586B0B6AED}"
EndProject
Global
	GlobalSection(SolutionConfigurationPlatforms) = preSolution
		Debug|Any CPU = Debug|Any CPU
		Release|Any CPU = Release|Any CPU
	EndGlobalSection
	GlobalSection(ProjectConfigurationPlatforms) = postSolution
		{227BAF7A-690B-4AB0-8981-60586B0B6AED}.Debug|Any CPU.ActiveCfg = Debug|Any CPU
		{227BAF7A-690B-4AB0-8981-60586B0B6AED}.Debug|Any CPU.Build.0 = Debug|Any CPU
		{227BAF7A-690B-4AB0-8981-60586B0B6AED}.Release|Any CPU.ActiveCfg = Release|Any CPU
		{227BAF7A-690B-4AB0-8981-60586B0B6AED}.Release|Any CPU.Build.0 = Release|Any CPU
	EndGlobalSection
	GlobalSection(SolutionProperties) = preSolution
		HideSolutionNode = FALSE
	EndGlobalSection
	GlobalSection(ExtensibilityGlobals) = postSolution
		SolutionGuid = {DFA5C800-0735-4379-897F-80FCBA6B9864}
	EndGlobalSection
EndGlobal
